PODS:
  - Flutter (1.0.0)
  - worldtime (1.0.6):
    - Flutter

DEPENDENCIES:
  - Flutter (from `Flutter`)
  - worldtime (from `.symlinks/plugins/worldtime/ios`)

EXTERNAL SOURCES:
  Flutter:
    :path: Flutter
  worldtime:
    :path: ".symlinks/plugins/worldtime/ios"

SPEC CHECKSUMS:
  Flutter: f04841e97a9d0b0a8025694d0796dd46242b2854
  worldtime: 375483ed4942a57ebd435615819bb6c13fe8cb6e

PODFILE CHECKSUM: 985e5b058f26709dc81f9ae74ea2b2775bdbcefe

COCOAPODS: 1.11.3
